
Microsoft Visual Studio Solution File, Format Version 12.00
# Visual Studio Version 16
VisualStudioVersion = 25.0.1706.4
MinimumVisualStudioVersion = 10.0.40219.1
Project("{FAE04EC0-301F-11D3-BF4B-00C04F79EFBC}") = "L2_Algorithms_DataStructures_8", "L2_Algorithms_DataStructures_8\L2_Algorithms_DataStructures_8.csproj", "{66F353F9-306D-490A-8570-D8E6DE495C50}"
EndProject
Global
	GlobalSection(SolutionConfigurationPlatforms) = preSolution
		Debug|Any CPU = Debug|Any CPU
		Release|Any CPU = Release|Any CPU
	EndGlobalSection
	GlobalSection(ProjectConfigurationPlatforms) = postSolution
		{66F353F9-306D-490A-8570-D8E6DE495C50}.Debug|Any CPU.ActiveCfg = Debug|Any CPU
		{66F353F9-306D-490A-8570-D8E6DE495C50}.Debug|Any CPU.Build.0 = Debug|Any CPU
		{66F353F9-306D-490A-8570-D8E6DE495C50}.Release|Any CPU.ActiveCfg = Release|Any CPU
		{66F353F9-306D-490A-8570-D8E6DE495C50}.Release|Any CPU.Build.0 = Release|Any CPU
	EndGlobalSection
	GlobalSection(SolutionProperties) = preSolution
		HideSolutionNode = FALSE
	EndGlobalSection
	GlobalSection(ExtensibilityGlobals) = postSolution
		SolutionGuid = {B43E6A16-4204-420B-84E0-E105B243D539}
	EndGlobalSection
EndGlobal
